PODS:
  - Capacitor (6.2.1):
    - CapacitorCordova
  - CapacitorApp (6.0.3):
    - Capacitor
  - CapacitorCamera (6.1.3):
    - Capacitor
  - CapacitorCordova (6.2.1)
  - CapacitorFilesystem (6.0.4):
    - Capacitor
  - CapacitorHaptics (6.0.3):
    - Capacitor
  - CapacitorKeyboard (6.0.4):
    - Capacitor
  - CapacitorLiveUpdates (0.1.3):
    - Capacitor
    - IonicLiveUpdates (~> 0.5.1)
  - CapacitorSplashScreen (6.0.4):
    - Capacitor
  - CapacitorStatusBar (6.0.3):
    - Capacitor
  - CordovaPlugins (6.2.1):
    - CapacitorCordova
    - SQLCipher (~> 4.0)
  - IonicEnterpriseApplePay (2.0.0):
    - Capacitor
  - IonicEnterpriseAuth (5.1.5):
    - Capacitor
  - IonicEnterpriseGooglePay (2.0.0):
    - Capacitor
  - IonicLiveUpdates (0.5.7)
  - SQLCipher (4.5.5):
    - SQLCipher/standard (= 4.5.5)
  - SQLCipher/common (4.5.5)
  - SQLCipher/standard (4.5.5):
    - SQLCipher/common

DEPENDENCIES:
  - "Capacitor (from `../../node_modules/@capacitor/ios`)"
  - "CapacitorApp (from `../../node_modules/@capacitor/app`)"
  - "CapacitorCamera (from `../../node_modules/@capacitor/camera`)"
  - "CapacitorCordova (from `../../node_modules/@capacitor/ios`)"
  - "CapacitorFilesystem (from `../../node_modules/@capacitor/filesystem`)"
  - "CapacitorHaptics (from `../../node_modules/@capacitor/haptics`)"
  - "CapacitorKeyboard (from `../../node_modules/@capacitor/keyboard`)"
  - "CapacitorLiveUpdates (from `../../node_modules/@capacitor/live-updates`)"
  - "CapacitorSplashScreen (from `../../node_modules/@capacitor/splash-screen`)"
  - "CapacitorStatusBar (from `../../node_modules/@capacitor/status-bar`)"
  - CordovaPlugins (from `../capacitor-cordova-ios-plugins`)
  - "IonicEnterpriseApplePay (from `../../node_modules/@ionic-enterprise/apple-pay`)"
  - "IonicEnterpriseAuth (from `../../node_modules/@ionic-enterprise/auth`)"
  - "IonicEnterpriseGooglePay (from `../../node_modules/@ionic-enterprise/google-pay`)"

SPEC REPOS:
  trunk:
    - IonicLiveUpdates
    - SQLCipher

EXTERNAL SOURCES:
  Capacitor:
    :path: "../../node_modules/@capacitor/ios"
  CapacitorApp:
    :path: "../../node_modules/@capacitor/app"
  CapacitorCamera:
    :path: "../../node_modules/@capacitor/camera"
  CapacitorCordova:
    :path: "../../node_modules/@capacitor/ios"
  CapacitorFilesystem:
    :path: "../../node_modules/@capacitor/filesystem"
  CapacitorHaptics:
    :path: "../../node_modules/@capacitor/haptics"
  CapacitorKeyboard:
    :path: "../../node_modules/@capacitor/keyboard"
  CapacitorLiveUpdates:
    :path: "../../node_modules/@capacitor/live-updates"
  CapacitorSplashScreen:
    :path: "../../node_modules/@capacitor/splash-screen"
  CapacitorStatusBar:
    :path: "../../node_modules/@capacitor/status-bar"
  CordovaPlugins:
    :path: "../capacitor-cordova-ios-plugins"
  IonicEnterpriseApplePay:
    :path: "../../node_modules/@ionic-enterprise/apple-pay"
  IonicEnterpriseAuth:
    :path: "../../node_modules/@ionic-enterprise/auth"
  IonicEnterpriseGooglePay:
    :path: "../../node_modules/@ionic-enterprise/google-pay"

SPEC CHECKSUMS:
  Capacitor: c95400d761e376be9da6be5a05f226c0e865cebf
  CapacitorApp: a19ccb4f5f32d2534be5c6f524d5a9b614a1e8a7
  CapacitorCamera: 5ba135b0cb55a788758139fa2404d726bf60f0f3
  CapacitorCordova: 8d93e14982f440181be7304aa9559ca631d77fff
  CapacitorFilesystem: 5b9aec35c0212bd0064e26d278c93e925864f212
  CapacitorHaptics: 40f83026feeee9cfe36e89e9c98a3baaaf20c450
  CapacitorKeyboard: e8cd50fd5cbdd023a5947a5c0f5cca6e5aa5a253
  CapacitorLiveUpdates: 9ce76874f886e5870b0e818fd58dd6707f1e0722
  CapacitorSplashScreen: ef140a8b1ea7244e0c245ce2dd4ce5251e7ab86a
  CapacitorStatusBar: 149cde8f1328ec3aa6cbdd872a55137ae3f98b16
  CordovaPlugins: 20854aade74402e00b6af722afd248b8be7bc9f8
  IonicEnterpriseApplePay: 2b40a5b09df0b0f886b43f6cefcc46149108c9d7
  IonicEnterpriseAuth: 54ed3c974d50f3264bda74e700445bbf95e89951
  IonicEnterpriseGooglePay: 189143f52a60ebbf5d69bc2d5e78d8127370509a
  IonicLiveUpdates: 2a722280f5052fcc5363b0e86317e9e7d1504215
  SQLCipher: f2e96b3822e3006b379181a0e4fd145f6de29b56

PODFILE CHECKSUM: 9265b39752899fc0eb4b66021753a7cade4091ca

COCOAPODS: 1.16.2
